
Microsoft Visual Studio Solution File, Format Version 12.00
# Visual Studio Version 17
VisualStudioVersion = 17.4.33205.214
MinimumVisualStudioVersion = 10.0.40219.1
Project("{888888A0-9F3D-457C-B088-3A5042F75D52}") = "UusTeema", "UusTeema.pyproj", "{A26830E9-95F2-40C1-9581-524B2E0194C9}"
EndProject
Global
	GlobalSection(SolutionConfigurationPlatforms) = preSolution
		Debug|Any CPU = Debug|Any CPU
		Release|Any CPU = Release|Any CPU
	EndGlobalSection
	GlobalSection(ProjectConfigurationPlatforms) = postSolution
		{A26830E9-95F2-40C1-9581-524B2E0194C9}.Debug|Any CPU.ActiveCfg = Debug|Any CPU
		{A26830E9-95F2-40C1-9581-524B2E0194C9}.Release|Any CPU.ActiveCfg = Release|Any CPU
	EndGlobalSection
	GlobalSection(SolutionProperties) = preSolution
		HideSolutionNode = FALSE
	EndGlobalSection
	GlobalSection(ExtensibilityGlobals) = postSolution
		SolutionGuid = {2E9FC498-B075-4BCE-AB64-974ADF73E4B2}
	EndGlobalSection
EndGlobal
